
Microsoft Visual Studio Solution File, Format Version 12.00
# Visual Studio Version 17
VisualStudioVersion = 17.4.33213.308
MinimumVisualStudioVersion = 10.0.40219.1
Project("{FAE04EC0-301F-11D3-BF4B-00C04F79EFBC}") = "Bibliothek", "Bibliothek\Bibliothek.csproj", "{E581B77E-6BB4-4103-B05E-2D0B253B3A82}"
EndProject
Global
	GlobalSection(SolutionConfigurationPlatforms) = preSolution
		Debug|Any CPU = Debug|Any CPU
		Release|Any CPU = Release|Any CPU
	EndGlobalSection
	GlobalSection(ProjectConfigurationPlatforms) = postSolution
		{E581B77E-6BB4-4103-B05E-2D0B253B3A82}.Debug|Any CPU.ActiveCfg = Debug|Any CPU
		{E581B77E-6BB4-4103-B05E-2D0B253B3A82}.Debug|Any CPU.Build.0 = Debug|Any CPU
		{E581B77E-6BB4-4103-B05E-2D0B253B3A82}.Release|Any CPU.ActiveCfg = Release|Any CPU
		{E581B77E-6BB4-4103-B05E-2D0B253B3A82}.Release|Any CPU.Build.0 = Release|Any CPU
	EndGlobalSection
	GlobalSection(SolutionProperties) = preSolution
		HideSolutionNode = FALSE
	EndGlobalSection
	GlobalSection(ExtensibilityGlobals) = postSolution
		SolutionGuid = {0D713A69-F158-4117-A4D6-7D0193D100E7}
	EndGlobalSection
EndGlobal
